
Microsoft Visual Studio Solution File, Format Version 12.00
# Visual Studio Version 17
VisualStudioVersion = 17.10.34928.147
MinimumVisualStudioVersion = 10.0.40219.1
Project("{FAE04EC0-301F-11D3-BF4B-00C04F79EFBC}") = "kumaşsatış", "kumaşsatış\kumaşsatış.csproj", "{03DC4517-B81B-44E8-85BB-F50DA6CDDF27}"
EndProject
Global
	GlobalSection(SolutionConfigurationPlatforms) = preSolution
		Debug|Any CPU = Debug|Any CPU
		Release|Any CPU = Release|Any CPU
	EndGlobalSection
	GlobalSection(ProjectConfigurationPlatforms) = postSolution
		{03DC4517-B81B-44E8-85BB-F50DA6CDDF27}.Debug|Any CPU.ActiveCfg = Debug|Any CPU
		{03DC4517-B81B-44E8-85BB-F50DA6CDDF27}.Debug|Any CPU.Build.0 = Debug|Any CPU
		{03DC4517-B81B-44E8-85BB-F50DA6CDDF27}.Release|Any CPU.ActiveCfg = Release|Any CPU
		{03DC4517-B81B-44E8-85BB-F50DA6CDDF27}.Release|Any CPU.Build.0 = Release|Any CPU
	EndGlobalSection
	GlobalSection(SolutionProperties) = preSolution
		HideSolutionNode = FALSE
	EndGlobalSection
	GlobalSection(ExtensibilityGlobals) = postSolution
		SolutionGuid = {0B73B9D6-5757-400D-BDDF-0C03184BC323}
	EndGlobalSection
EndGlobal
